# THIS IS AN AUTOGENERATED FILE. DO NOT EDIT THIS FILE DIRECTLY.
# yarn lockfile v1


"@rails/actiontext@^7.0.4":
  version "7.0.4"
  resolved "https://registry.yarnpkg.com/@rails/actiontext/-/actiontext-7.0.4.tgz#742a74155b8c8ebf65e696ab6a6d2a3212511092"
  integrity sha512-vyXZ4cNkudpfSfFWuyo1SSKBQXTK2H02xjd5vLHIBqJOKaqcZ7aFWe6n8NoQrTpAt+ULYtjkH0xMhJ5holswsQ==
  dependencies:
    "@rails/activestorage" ">= 7.0.0-alpha1"

"@rails/activestorage@>= 7.0.0-alpha1":
  version "7.0.4"
  resolved "https://registry.yarnpkg.com/@rails/activestorage/-/activestorage-7.0.4.tgz#56bc3052f60e8867b40a87ed5ff3c0afe536643e"
  integrity sha512-K2fV9C0z88fapu58nt9uHzMylsmJWUFuaIFvuZQEf1WTiPMsgTsj1bf8+cD81zXfTXYMZDQNRq4164JmuBKD3A==
  dependencies:
    spark-md5 "^3.0.1"

bootstrap-icons@^1.9.1:
  version "1.9.1"
  resolved "https://registry.yarnpkg.com/bootstrap-icons/-/bootstrap-icons-1.9.1.tgz#cf22d91a25447645e45c49ebde4e56eafdfe761b"
  integrity sha512-d4ZkO30MIkAhQ2nNRJqKXJVEQorALGbLWTuRxyCTJF96lRIV6imcgMehWGJUiJMJhglN0o2tqLIeDnMdiQEE9g==

spark-md5@^3.0.1:
  version "3.0.2"
  resolved "https://registry.yarnpkg.com/spark-md5/-/spark-md5-3.0.2.tgz#7952c4a30784347abcee73268e473b9c0167e3fc"
  integrity sha512-wcFzz9cDfbuqe0FZzfi2or1sgyIrsDwmPwfZC4hiNidPdPINjeUwNfv5kldczoEAcjl9Y1L3SM7Uz2PUEQzxQw==

trix@^2.0.0-beta.0:
  version "2.0.0-beta.0"
  resolved "https://registry.yarnpkg.com/trix/-/trix-2.0.0-beta.0.tgz#e7034867182356c023abdef90c7bdc341bb3e105"
  integrity sha512-D1c7FxP1hGXM/MnTd/+fGUbSDLkfxsqjA0NxOTzByQywVJVNHDOkn8xAScCKVOiAN6hXlqUR2qX4CPJHTGj+cQ==
